// !$*UTF8*$!
{
	archiveVersion = 1;
	classes = {
	};
	objectVersion = 46;
	objects = {

/* Begin PBXBuildFile section */
		5E0BC3031CB7DE5700B6E491 /* main.m in Sources */ = {isa = PBXBuildFile; fileRef = 5E0BC3021CB7DE5700B6E491 /* main.m */; };
		5E0BC3061CB7DE5700B6E491 /* AppDelegate.m in Sources */ = {isa = PBXBuildFile; fileRef = 5E0BC3051CB7DE5700B6E491 /* AppDelegate.m */; };
		5E0BC30F1CB7DE5700B6E491 /* IDQuiz.xcdatamodeld in Sources */ = {isa = PBXBuildFile; fileRef = 5E0BC30D1CB7DE5700B6E491 /* IDQuiz.xcdatamodeld */; };
		5E0BC3111CB7DE5700B6E491 /* Assets.xcassets in Resources */ = {isa = PBXBuildFile; fileRef = 5E0BC3101CB7DE5700B6E491 /* Assets.xcassets */; };
		5E0BC3141CB7DE5700B6E491 /* LaunchScreen.storyboard in Resources */ = {isa = PBXBuildFile; fileRef = 5E0BC3121CB7DE5700B6E491 /* LaunchScreen.storyboard */; };
		5E0BC3251CB7DE7B00B6E491 /* IDQHomeViewController.m in Sources */ = {isa = PBXBuildFile; fileRef = 5E0BC31C1CB7DE7B00B6E491 /* IDQHomeViewController.m */; };
		5E0BC3261CB7DE7B00B6E491 /* IDQLeaderBoardViewController.m in Sources */ = {isa = PBXBuildFile; fileRef = 5E0BC31E1CB7DE7B00B6E491 /* IDQLeaderBoardViewController.m */; };
		5E0BC3271CB7DE7B00B6E491 /* IDQGameViewController.m in Sources */ = {isa = PBXBuildFile; fileRef = 5E0BC3201CB7DE7B00B6E491 /* IDQGameViewController.m */; };
		5E0BC3281CB7DE7B00B6E491 /* IDQResultsViewController.m in Sources */ = {isa = PBXBuildFile; fileRef = 5E0BC3221CB7DE7B00B6E491 /* IDQResultsViewController.m */; };
		5E0BC3291CB7DE7B00B6E491 /* IDQRulesViewController.m in Sources */ = {isa = PBXBuildFile; fileRef = 5E0BC3241CB7DE7B00B6E491 /* IDQRulesViewController.m */; };
		5E0BC3371CB7DE9500B6E491 /* IDQGame.m in Sources */ = {isa = PBXBuildFile; fileRef = 5E0BC3311CB7DE9500B6E491 /* IDQGame.m */; };
		5E0BC3381CB7DE9500B6E491 /* IDQGameState.m in Sources */ = {isa = PBXBuildFile; fileRef = 5E0BC3331CB7DE9500B6E491 /* IDQGameState.m */; };
		5E0BC33A1CB7DEAD00B6E491 /* Main.storyboard in Resources */ = {isa = PBXBuildFile; fileRef = 5E0BC3391CB7DEAD00B6E491 /* Main.storyboard */; };
		5E0BC33D1CB7DED600B6E491 /* IDQButton.m in Sources */ = {isa = PBXBuildFile; fileRef = 5E0BC33C1CB7DED600B6E491 /* IDQButton.m */; };
		5E0BC3741CBA488D00B6E491 /* IDQQuestion.m in Sources */ = {isa = PBXBuildFile; fileRef = 5E0BC3721CBA488D00B6E491 /* IDQQuestion.m */; };
		5E0BC3761CBA585400B6E491 /* IDQConstants.h in Sources */ = {isa = PBXBuildFile; fileRef = 5E0BC3751CBA585400B6E491 /* IDQConstants.h */; };
		5E0BC3791CBA73FF00B6E491 /* IDQDataController.m in Sources */ = {isa = PBXBuildFile; fileRef = 5E0BC3781CBA73FF00B6E491 /* IDQDataController.m */; };
		5E0BC38B1CC0039700B6E491 /* IDQResult.m in Sources */ = {isa = PBXBuildFile; fileRef = 5E0BC3891CC0039700B6E491 /* IDQResult.m */; };
		A03CDE731CBF861600C941F6 /* IDQPlayerManager.m in Sources */ = {isa = PBXBuildFile; fileRef = A03CDE721CBF861600C941F6 /* IDQPlayerManager.m */; };
		A03CDE791CBF87F700C941F6 /* redbone.mp3 in Resources */ = {isa = PBXBuildFile; fileRef = A03CDE781CBF87F700C941F6 /* redbone.mp3 */; };
		A05DAD061CC19A0700EDB12E /* Contacts.framework in Frameworks */ = {isa = PBXBuildFile; fileRef = A05DAD051CC19A0700EDB12E /* Contacts.framework */; };
		A05DAD081CC19A0C00EDB12E /* ContactsUI.framework in Frameworks */ = {isa = PBXBuildFile; fileRef = A05DAD071CC19A0C00EDB12E /* ContactsUI.framework */; };
/* End PBXBuildFile section */

/* Begin PBXFileReference section */
		5E0BC2FE1CB7DE5700B6E491 /* IDQuiz.app */ = {isa = PBXFileReference; explicitFileType = wrapper.application; includeInIndex = 0; path = IDQuiz.app; sourceTree = BUILT_PRODUCTS_DIR; };
		5E0BC3021CB7DE5700B6E491 /* main.m */ = {isa = PBXFileReference; lastKnownFileType = sourcecode.c.objc; path = main.m; sourceTree = "<group>"; };
		5E0BC3041CB7DE5700B6E491 /* AppDelegate.h */ = {isa = PBXFileReference; lastKnownFileType = sourcecode.c.h; path = AppDelegate.h; sourceTree = "<group>"; };
		5E0BC3051CB7DE5700B6E491 /* AppDelegate.m */ = {isa = PBXFileReference; lastKnownFileType = sourcecode.c.objc; path = AppDelegate.m; sourceTree = "<group>"; };
		5E0BC30E1CB7DE5700B6E491 /* IDQuiz.xcdatamodel */ = {isa = PBXFileReference; lastKnownFileType = wrapper.xcdatamodel; path = IDQuiz.xcdatamodel; sourceTree = "<group>"; };
		5E0BC3101CB7DE5700B6E491 /* Assets.xcassets */ = {isa = PBXFileReference; lastKnownFileType = folder.assetcatalog; path = Assets.xcassets; sourceTree = "<group>"; };
		5E0BC3131CB7DE5700B6E491 /* Base */ = {isa = PBXFileReference; lastKnownFileType = file.storyboard; name = Base; path = Base.lproj/LaunchScreen.storyboard; sourceTree = "<group>"; };
		5E0BC3151CB7DE5700B6E491 /* Info.plist */ = {isa = PBXFileReference; lastKnownFileType = text.plist.xml; path = Info.plist; sourceTree = "<group>"; };
		5E0BC31B1CB7DE7B00B6E491 /* IDQHomeViewController.h */ = {isa = PBXFileReference; fileEncoding = 4; lastKnownFileType = sourcecode.c.h; path = IDQHomeViewController.h; sourceTree = "<group>"; };
		5E0BC31C1CB7DE7B00B6E491 /* IDQHomeViewController.m */ = {isa = PBXFileReference; fileEncoding = 4; lastKnownFileType = sourcecode.c.objc; path = IDQHomeViewController.m; sourceTree = "<group>"; };
		5E0BC31D1CB7DE7B00B6E491 /* IDQLeaderBoardViewController.h */ = {isa = PBXFileReference; fileEncoding = 4; lastKnownFileType = sourcecode.c.h; path = IDQLeaderBoardViewController.h; sourceTree = "<group>"; };
		5E0BC31E1CB7DE7B00B6E491 /* IDQLeaderBoardViewController.m */ = {isa = PBXFileReference; fileEncoding = 4; lastKnownFileType = sourcecode.c.objc; path = IDQLeaderBoardViewController.m; sourceTree = "<group>"; };
		5E0BC31F1CB7DE7B00B6E491 /* IDQGameViewController.h */ = {isa = PBXFileReference; fileEncoding = 4; lastKnownFileType = sourcecode.c.h; path = IDQGameViewController.h; sourceTree = "<group>"; };
		5E0BC3201CB7DE7B00B6E491 /* IDQGameViewController.m */ = {isa = PBXFileReference; fileEncoding = 4; lastKnownFileType = sourcecode.c.objc; path = IDQGameViewController.m; sourceTree = "<group>"; };
		5E0BC3211CB7DE7B00B6E491 /* IDQResultsViewController.h */ = {isa = PBXFileReference; fileEncoding = 4; lastKnownFileType = sourcecode.c.h; path = IDQResultsViewController.h; sourceTree = "<group>"; };
		5E0BC3221CB7DE7B00B6E491 /* IDQResultsViewController.m */ = {isa = PBXFileReference; fileEncoding = 4; lastKnownFileType = sourcecode.c.objc; path = IDQResultsViewController.m; sourceTree = "<group>"; };
		5E0BC3231CB7DE7B00B6E491 /* IDQRulesViewController.h */ = {isa = PBXFileReference; fileEncoding = 4; lastKnownFileType = sourcecode.c.h; path = IDQRulesViewController.h; sourceTree = "<group>"; };
		5E0BC3241CB7DE7B00B6E491 /* IDQRulesViewController.m */ = {isa = PBXFileReference; fileEncoding = 4; lastKnownFileType = sourcecode.c.objc; path = IDQRulesViewController.m; sourceTree = "<group>"; };
		5E0BC3301CB7DE9500B6E491 /* IDQGame.h */ = {isa = PBXFileReference; fileEncoding = 4; lastKnownFileType = sourcecode.c.h; path = IDQGame.h; sourceTree = "<group>"; };
		5E0BC3311CB7DE9500B6E491 /* IDQGame.m */ = {isa = PBXFileReference; fileEncoding = 4; lastKnownFileType = sourcecode.c.objc; path = IDQGame.m; sourceTree = "<group>"; };
		5E0BC3321CB7DE9500B6E491 /* IDQGameState.h */ = {isa = PBXFileReference; fileEncoding = 4; lastKnownFileType = sourcecode.c.h; path = IDQGameState.h; sourceTree = "<group>"; };
		5E0BC3331CB7DE9500B6E491 /* IDQGameState.m */ = {isa = PBXFileReference; fileEncoding = 4; lastKnownFileType = sourcecode.c.objc; path = IDQGameState.m; sourceTree = "<group>"; };
		5E0BC3391CB7DEAD00B6E491 /* Main.storyboard */ = {isa = PBXFileReference; fileEncoding = 4; lastKnownFileType = file.storyboard; path = Main.storyboard; sourceTree = "<group>"; };
		5E0BC33B1CB7DED600B6E491 /* IDQButton.h */ = {isa = PBXFileReference; fileEncoding = 4; lastKnownFileType = sourcecode.c.h; path = IDQButton.h; sourceTree = "<group>"; };
		5E0BC33C1CB7DED600B6E491 /* IDQButton.m */ = {isa = PBXFileReference; fileEncoding = 4; lastKnownFileType = sourcecode.c.objc; path = IDQButton.m; sourceTree = "<group>"; };
		5E0BC3711CBA488D00B6E491 /* IDQQuestion.h */ = {isa = PBXFileReference; fileEncoding = 4; lastKnownFileType = sourcecode.c.h; name = IDQQuestion.h; path = ../IDQQuestion.h; sourceTree = "<group>"; };
		5E0BC3721CBA488D00B6E491 /* IDQQuestion.m */ = {isa = PBXFileReference; fileEncoding = 4; lastKnownFileType = sourcecode.c.objc; name = IDQQuestion.m; path = ../IDQQuestion.m; sourceTree = "<group>"; };
		5E0BC3751CBA585400B6E491 /* IDQConstants.h */ = {isa = PBXFileReference; fileEncoding = 4; lastKnownFileType = sourcecode.c.h; path = IDQConstants.h; sourceTree = "<group>"; };
		5E0BC3771CBA73FF00B6E491 /* IDQDataController.h */ = {isa = PBXFileReference; fileEncoding = 4; lastKnownFileType = sourcecode.c.h; path = IDQDataController.h; sourceTree = "<group>"; };
		5E0BC3781CBA73FF00B6E491 /* IDQDataController.m */ = {isa = PBXFileReference; fileEncoding = 4; lastKnownFileType = sourcecode.c.objc; path = IDQDataController.m; sourceTree = "<group>"; };
		5E0BC3881CC0039700B6E491 /* IDQResult.h */ = {isa = PBXFileReference; fileEncoding = 4; lastKnownFileType = sourcecode.c.h; name = IDQResult.h; path = ../IDQResult.h; sourceTree = "<group>"; };
		5E0BC3891CC0039700B6E491 /* IDQResult.m */ = {isa = PBXFileReference; fileEncoding = 4; lastKnownFileType = sourcecode.c.objc; name = IDQResult.m; path = ../IDQResult.m; sourceTree = "<group>"; };
		A03CDE711CBF861600C941F6 /* IDQPlayerManager.h */ = {isa = PBXFileReference; fileEncoding = 4; lastKnownFileType = sourcecode.c.h; path = IDQPlayerManager.h; sourceTree = "<group>"; };
		A03CDE721CBF861600C941F6 /* IDQPlayerManager.m */ = {isa = PBXFileReference; fileEncoding = 4; lastKnownFileType = sourcecode.c.objc; path = IDQPlayerManager.m; sourceTree = "<group>"; };
		A03CDE781CBF87F700C941F6 /* redbone.mp3 */ = {isa = PBXFileReference; lastKnownFileType = audio.mp3; path = redbone.mp3; sourceTree = "<group>"; };
		A05DAD051CC19A0700EDB12E /* Contacts.framework */ = {isa = PBXFileReference; lastKnownFileType = wrapper.framework; name = Contacts.framework; path = System/Library/Frameworks/Contacts.framework; sourceTree = SDKROOT; };
		A05DAD071CC19A0C00EDB12E /* ContactsUI.framework */ = {isa = PBXFileReference; lastKnownFileType = wrapper.framework; name = ContactsUI.framework; path = System/Library/Frameworks/ContactsUI.framework; sourceTree = SDKROOT; };
/* End PBXFileReference section */

/* Begin PBXFrameworksBuildPhase section */
		5E0BC2FB1CB7DE5700B6E491 /* Frameworks */ = {
			isa = PBXFrameworksBuildPhase;
			buildActionMask = 2147483647;
			files = (
				A05DAD081CC19A0C00EDB12E /* ContactsUI.framework in Frameworks */,
				A05DAD061CC19A0700EDB12E /* Contacts.framework in Frameworks */,
			);
			runOnlyForDeploymentPostprocessing = 0;
		};
/* End PBXFrameworksBuildPhase section */

/* Begin PBXGroup section */
		5E0BC2F51CB7DE5700B6E491 = {
			isa = PBXGroup;
			children = (
				A05DAD071CC19A0C00EDB12E /* ContactsUI.framework */,
				A05DAD051CC19A0700EDB12E /* Contacts.framework */,
				5E0BC3001CB7DE5700B6E491 /* IDQuiz */,
				5E0BC2FF1CB7DE5700B6E491 /* Products */,
			);
			sourceTree = "<group>";
		};
		5E0BC2FF1CB7DE5700B6E491 /* Products */ = {
			isa = PBXGroup;
			children = (
				5E0BC2FE1CB7DE5700B6E491 /* IDQuiz.app */,
			);
			name = Products;
			sourceTree = "<group>";
		};
		5E0BC3001CB7DE5700B6E491 /* IDQuiz */ = {
			isa = PBXGroup;
			children = (
				5E0BC3751CBA585400B6E491 /* IDQConstants.h */,
				5E0BC3041CB7DE5700B6E491 /* AppDelegate.h */,
				5E0BC3051CB7DE5700B6E491 /* AppDelegate.m */,
				5E0BC3771CBA73FF00B6E491 /* IDQDataController.h */,
				5E0BC3781CBA73FF00B6E491 /* IDQDataController.m */,
				A03CDE711CBF861600C941F6 /* IDQPlayerManager.h */,
				A03CDE721CBF861600C941F6 /* IDQPlayerManager.m */,
				5E0BC34A1CB9AFB800B6E491 /* Model */,
				5E0BC37A1CBD4CDA00B6E491 /* ViewControllers */,
				5E0BC30D1CB7DE5700B6E491 /* IDQuiz.xcdatamodeld */,
				5E0BC3391CB7DEAD00B6E491 /* Main.storyboard */,
				5E0BC3101CB7DE5700B6E491 /* Assets.xcassets */,
				5E0BC3121CB7DE5700B6E491 /* LaunchScreen.storyboard */,
				5E0BC3151CB7DE5700B6E491 /* Info.plist */,
				5E0BC33B1CB7DED600B6E491 /* IDQButton.h */,
				5E0BC33C1CB7DED600B6E491 /* IDQButton.m */,
				A03CDE761CBF87F700C941F6 /* Resources */,
				5E0BC3011CB7DE5700B6E491 /* Supporting Files */,
			);
			path = IDQuiz;
			sourceTree = "<group>";
		};
		5E0BC3011CB7DE5700B6E491 /* Supporting Files */ = {
			isa = PBXGroup;
			children = (
				5E0BC3021CB7DE5700B6E491 /* main.m */,
			);
			name = "Supporting Files";
			sourceTree = "<group>";
		};
		5E0BC34A1CB9AFB800B6E491 /* Model */ = {
			isa = PBXGroup;
			children = (
				5E0BC3301CB7DE9500B6E491 /* IDQGame.h */,
				5E0BC3311CB7DE9500B6E491 /* IDQGame.m */,
				5E0BC3321CB7DE9500B6E491 /* IDQGameState.h */,
				5E0BC3331CB7DE9500B6E491 /* IDQGameState.m */,
				5E0BC3711CBA488D00B6E491 /* IDQQuestion.h */,
				5E0BC3721CBA488D00B6E491 /* IDQQuestion.m */,
				5E0BC3881CC0039700B6E491 /* IDQResult.h */,
				5E0BC3891CC0039700B6E491 /* IDQResult.m */,
			);
			name = Model;
			sourceTree = "<group>";
		};
		5E0BC37A1CBD4CDA00B6E491 /* ViewControllers */ = {
			isa = PBXGroup;
			children = (
				5E0BC31B1CB7DE7B00B6E491 /* IDQHomeViewController.h */,
				5E0BC31C1CB7DE7B00B6E491 /* IDQHomeViewController.m */,
				5E0BC31D1CB7DE7B00B6E491 /* IDQLeaderBoardViewController.h */,
				5E0BC31E1CB7DE7B00B6E491 /* IDQLeaderBoardViewController.m */,
				5E0BC31F1CB7DE7B00B6E491 /* IDQGameViewController.h */,
				5E0BC3201CB7DE7B00B6E491 /* IDQGameViewController.m */,
				5E0BC3211CB7DE7B00B6E491 /* IDQResultsViewController.h */,
				5E0BC3221CB7DE7B00B6E491 /* IDQResultsViewController.m */,
				5E0BC3231CB7DE7B00B6E491 /* IDQRulesViewController.h */,
				5E0BC3241CB7DE7B00B6E491 /* IDQRulesViewController.m */,
			);
			name = ViewControllers;
			sourceTree = "<group>";
		};
		A03CDE761CBF87F700C941F6 /* Resources */ = {
			isa = PBXGroup;
			children = (
				A03CDE771CBF87F700C941F6 /* Music */,
			);
			path = Resources;
			sourceTree = "<group>";
		};
		A03CDE771CBF87F700C941F6 /* Music */ = {
			isa = PBXGroup;
			children = (
				A03CDE781CBF87F700C941F6 /* redbone.mp3 */,
			);
			path = Music;
			sourceTree = "<group>";
		};
/* End PBXGroup section */

/* Begin PBXNativeTarget section */
		5E0BC2FD1CB7DE5700B6E491 /* IDQuiz */ = {
			isa = PBXNativeTarget;
			buildConfigurationList = 5E0BC3181CB7DE5700B6E491 /* Build configuration list for PBXNativeTarget "IDQuiz" */;
			buildPhases = (
				5E0BC2FA1CB7DE5700B6E491 /* Sources */,
				5E0BC2FB1CB7DE5700B6E491 /* Frameworks */,
				5E0BC2FC1CB7DE5700B6E491 /* Resources */,
			);
			buildRules = (
			);
			dependencies = (
			);
			name = IDQuiz;
			productName = IDQuiz;
			productReference = 5E0BC2FE1CB7DE5700B6E491 /* IDQuiz.app */;
			productType = "com.apple.product-type.application";
		};
/* End PBXNativeTarget section */

/* Begin PBXProject section */
		5E0BC2F61CB7DE5700B6E491 /* Project object */ = {
			isa = PBXProject;
			attributes = {
				LastUpgradeCheck = 0730;
				ORGANIZATIONNAME = Hermine;
				TargetAttributes = {
					5E0BC2FD1CB7DE5700B6E491 = {
						CreatedOnToolsVersion = 7.3;
					};
				};
			};
			buildConfigurationList = 5E0BC2F91CB7DE5700B6E491 /* Build configuration list for PBXProject "IDQuiz" */;
			compatibilityVersion = "Xcode 3.2";
			developmentRegion = English;
			hasScannedForEncodings = 0;
			knownRegions = (
				en,
				Base,
			);
			mainGroup = 5E0BC2F51CB7DE5700B6E491;
			productRefGroup = 5E0BC2FF1CB7DE5700B6E491 /* Products */;
			projectDirPath = "";
			projectRoot = "";
			targets = (
				5E0BC2FD1CB7DE5700B6E491 /* IDQuiz */,
			);
		};
/* End PBXProject section */

/* Begin PBXResourcesBuildPhase section */
		5E0BC2FC1CB7DE5700B6E491 /* Resources */ = {
			isa = PBXResourcesBuildPhase;
			buildActionMask = 2147483647;
			files = (
				5E0BC3141CB7DE5700B6E491 /* LaunchScreen.storyboard in Resources */,
				5E0BC3111CB7DE5700B6E491 /* Assets.xcassets in Resources */,
				5E0BC33A1CB7DEAD00B6E491 /* Main.storyboard in Resources */,
				A03CDE791CBF87F700C941F6 /* redbone.mp3 in Resources */,
			);
			runOnlyForDeploymentPostprocessing = 0;
		};
/* End PBXResourcesBuildPhase section */

/* Begin PBXSourcesBuildPhase section */
		5E0BC2FA1CB7DE5700B6E491 /* Sources */ = {
			isa = PBXSourcesBuildPhase;
			buildActionMask = 2147483647;
			files = (
				5E0BC3261CB7DE7B00B6E491 /* IDQLeaderBoardViewController.m in Sources */,
				5E0BC3761CBA585400B6E491 /* IDQConstants.h in Sources */,
				5E0BC3371CB7DE9500B6E491 /* IDQGame.m in Sources */,
				A03CDE731CBF861600C941F6 /* IDQPlayerManager.m in Sources */,
				5E0BC3291CB7DE7B00B6E491 /* IDQRulesViewController.m in Sources */,
				5E0BC3741CBA488D00B6E491 /* IDQQuestion.m in Sources */,
				5E0BC30F1CB7DE5700B6E491 /* IDQuiz.xcdatamodeld in Sources */,
				5E0BC3061CB7DE5700B6E491 /* AppDelegate.m in Sources */,
				5E0BC38B1CC0039700B6E491 /* IDQResult.m in Sources */,
				5E0BC3281CB7DE7B00B6E491 /* IDQResultsViewController.m in Sources */,
				5E0BC3791CBA73FF00B6E491 /* IDQDataController.m in Sources */,
				5E0BC3381CB7DE9500B6E491 /* IDQGameState.m in Sources */,
				5E0BC3251CB7DE7B00B6E491 /* IDQHomeViewController.m in Sources */,
				5E0BC3271CB7DE7B00B6E491 /* IDQGameViewController.m in Sources */,
				5E0BC33D1CB7DED600B6E491 /* IDQButton.m in Sources */,
				5E0BC3031CB7DE5700B6E491 /* main.m in Sources */,
			);
			runOnlyForDeploymentPostprocessing = 0;
		};
/* End PBXSourcesBuildPhase section */

/* Begin PBXVariantGroup section */
		5E0BC3121CB7DE5700B6E491 /* LaunchScreen.storyboard */ = {
			isa = PBXVariantGroup;
			children = (
				5E0BC3131CB7DE5700B6E491 /* Base */,
			);
			name = LaunchScreen.storyboard;
			sourceTree = "<group>";
		};
/* End PBXVariantGroup section */

/* Begin XCBuildConfiguration section */
		5E0BC3161CB7DE5700B6E491 /* Debug */ = {
			isa = XCBuildConfiguration;
			buildSettings = {
				ALWAYS_SEARCH_USER_PATHS = NO;
				CLANG_ANALYZER_NONNULL = YES;
				CLANG_CXX_LANGUAGE_STANDARD = "gnu++0x";
				CLANG_CXX_LIBRARY = "libc++";
				CLANG_ENABLE_MODULES = YES;
				CLANG_ENABLE_OBJC_ARC = YES;
				CLANG_WARN_BOOL_CONVERSION = YES;
				CLANG_WARN_CONSTANT_CONVERSION = YES;
				CLANG_WARN_DIRECT_OBJC_ISA_USAGE = YES_ERROR;
				CLANG_WARN_EMPTY_BODY = YES;
				CLANG_WARN_ENUM_CONVERSION = YES;
				CLANG_WARN_INT_CONVERSION = YES;
				CLANG_WARN_OBJC_ROOT_CLASS = YES_ERROR;
				CLANG_WARN_UNREACHABLE_CODE = YES;
				CLANG_WARN__DUPLICATE_METHOD_MATCH = YES;
				"CODE_SIGN_IDENTITY[sdk=iphoneos*]" = "iPhone Developer";
				COPY_PHASE_STRIP = NO;
				DEBUG_INFORMATION_FORMAT = dwarf;
				ENABLE_STRICT_OBJC_MSGSEND = YES;
				ENABLE_TESTABILITY = YES;
				GCC_C_LANGUAGE_STANDARD = gnu99;
				GCC_DYNAMIC_NO_PIC = NO;
				GCC_NO_COMMON_BLOCKS = YES;
				GCC_OPTIMIZATION_LEVEL = 0;
				GCC_PREPROCESSOR_DEFINITIONS = (
					"DEBUG=1",
					"$(inherited)",
				);
				GCC_WARN_64_TO_32_BIT_CONVERSION = YES;
				GCC_WARN_ABOUT_RETURN_TYPE = YES_ERROR;
				GCC_WARN_UNDECLARED_SELECTOR = YES;
				GCC_WARN_UNINITIALIZED_AUTOS = YES_AGGRESSIVE;
				GCC_WARN_UNUSED_FUNCTION = YES;
				GCC_WARN_UNUSED_VARIABLE = YES;
				IPHONEOS_DEPLOYMENT_TARGET = 9.3;
				MTL_ENABLE_DEBUG_INFO = YES;
				ONLY_ACTIVE_ARCH = YES;
				SDKROOT = iphoneos;
				TARGETED_DEVICE_FAMILY = "1,2";
			};
			name = Debug;
		};
		5E0BC3171CB7DE5700B6E491 /* Release */ = {
			isa = XCBuildConfiguration;
			buildSettings = {
				ALWAYS_SEARCH_USER_PATHS = NO;
				CLANG_ANALYZER_NONNULL = YES;
				CLANG_CXX_LANGUAGE_STANDARD = "gnu++0x";
				CLANG_CXX_LIBRARY = "libc++";
				CLANG_ENABLE_MODULES = YES;
				CLANG_ENABLE_OBJC_ARC = YES;
				CLANG_WARN_BOOL_CONVERSION = YES;
				CLANG_WARN_CONSTANT_CONVERSION = YES;
				CLANG_WARN_DIRECT_OBJC_ISA_USAGE = YES_ERROR;
				CLANG_WARN_EMPTY_BODY = YES;
				CLANG_WARN_ENUM_CONVERSION = YES;
				CLANG_WARN_INT_CONVERSION = YES;
				CLANG_WARN_OBJC_ROOT_CLASS = YES_ERROR;
				CLANG_WARN_UNREACHABLE_CODE = YES;
				CLANG_WARN__DUPLICATE_METHOD_MATCH = YES;
				"CODE_SIGN_IDENTITY[sdk=iphoneos*]" = "iPhone Developer";
				COPY_PHASE_STRIP = NO;
				DEBUG_INFORMATION_FORMAT = "dwarf-with-dsym";
				ENABLE_NS_ASSERTIONS = NO;
				ENABLE_STRICT_OBJC_MSGSEND = YES;
				GCC_C_LANGUAGE_STANDARD = gnu99;
				GCC_NO_COMMON_BLOCKS = YES;
				GCC_WARN_64_TO_32_BIT_CONVERSION = YES;
				GCC_WARN_ABOUT_RETURN_TYPE = YES_ERROR;
				GCC_WARN_UNDECLARED_SELECTOR = YES;
				GCC_WARN_UNINITIALIZED_AUTOS = YES_AGGRESSIVE;
				GCC_WARN_UNUSED_FUNCTION = YES;
				GCC_WARN_UNUSED_VARIABLE = YES;
				IPHONEOS_DEPLOYMENT_TARGET = 9.3;
				MTL_ENABLE_DEBUG_INFO = NO;
				SDKROOT = iphoneos;
				TARGETED_DEVICE_FAMILY = "1,2";
				VALIDATE_PRODUCT = YES;
			};
			name = Release;
		};
		5E0BC3191CB7DE5700B6E491 /* Debug */ = {
			isa = XCBuildConfiguration;
			buildSettings = {
				ASSETCATALOG_COMPILER_APPICON_NAME = AppIcon;
				INFOPLIST_FILE = IDQuiz/Info.plist;
				LD_RUNPATH_SEARCH_PATHS = "$(inherited) @executable_path/Frameworks";
				PRODUCT_BUNDLE_IDENTIFIER = hermine.turshujyan.IDQuiz;
				PRODUCT_NAME = "$(TARGET_NAME)";
			};
			name = Debug;
		};
		5E0BC31A1CB7DE5700B6E491 /* Release */ = {
			isa = XCBuildConfiguration;
			buildSettings = {
				ASSETCATALOG_COMPILER_APPICON_NAME = AppIcon;
				INFOPLIST_FILE = IDQuiz/Info.plist;
				LD_RUNPATH_SEARCH_PATHS = "$(inherited) @executable_path/Frameworks";
				PRODUCT_BUNDLE_IDENTIFIER = hermine.turshujyan.IDQuiz;
				PRODUCT_NAME = "$(TARGET_NAME)";
			};
			name = Release;
		};
/* End XCBuildConfiguration section */

/* Begin XCConfigurationList section */
		5E0BC2F91CB7DE5700B6E491 /* Build configuration list for PBXProject "IDQuiz" */ = {
			isa = XCConfigurationList;
			buildConfigurations = (
				5E0BC3161CB7DE5700B6E491 /* Debug */,
				5E0BC3171CB7DE5700B6E491 /* Release */,
			);
			defaultConfigurationIsVisible = 0;
			defaultConfigurationName = Release;
		};
		5E0BC3181CB7DE5700B6E491 /* Build configuration list for PBXNativeTarget "IDQuiz" */ = {
			isa = XCConfigurationList;
			buildConfigurations = (
				5E0BC3191CB7DE5700B6E491 /* Debug */,
				5E0BC31A1CB7DE5700B6E491 /* Release */,
			);
			defaultConfigurationIsVisible = 0;
			defaultConfigurationName = Release;
		};
/* End XCConfigurationList section */

/* Begin XCVersionGroup section */
		5E0BC30D1CB7DE5700B6E491 /* IDQuiz.xcdatamodeld */ = {
			isa = XCVersionGroup;
			children = (
				5E0BC30E1CB7DE5700B6E491 /* IDQuiz.xcdatamodel */,
			);
			currentVersion = 5E0BC30E1CB7DE5700B6E491 /* IDQuiz.xcdatamodel */;
			path = IDQuiz.xcdatamodeld;
			sourceTree = "<group>";
			versionGroupType = wrapper.xcdatamodel;
		};
/* End XCVersionGroup section */
	};
	rootObject = 5E0BC2F61CB7DE5700B6E491 /* Project object */;
}
